// !$*UTF8*$!
{
	archiveVersion = 1;
	classes = {
	};
	objectVersion = 46;
	objects = {

/* Begin PBXBuildFile section */
		20CE7A6B18B60FE90078A2EF /* Foundation.framework in Frameworks */ = {isa = PBXBuildFile; fileRef = 20CE7A6A18B60FE90078A2EF /* Foundation.framework */; };
		20CE7A6D18B60FE90078A2EF /* CoreGraphics.framework in Frameworks */ = {isa = PBXBuildFile; fileRef = 20CE7A6C18B60FE90078A2EF /* CoreGraphics.framework */; };
		20CE7A6F18B60FE90078A2EF /* UIKit.framework in Frameworks */ = {isa = PBXBuildFile; fileRef = 20CE7A6E18B60FE90078A2EF /* UIKit.framework */; };
		20CE7A7518B60FE90078A2EF /* InfoPlist.strings in Resources */ = {isa = PBXBuildFile; fileRef = 20CE7A7318B60FE90078A2EF /* InfoPlist.strings */; };
		20CE7A7718B60FE90078A2EF /* main.m in Sources */ = {isa = PBXBuildFile; fileRef = 20CE7A7618B60FE90078A2EF /* main.m */; };
		20CE7A7B18B60FE90078A2EF /* AppDelegate.m in Sources */ = {isa = PBXBuildFile; fileRef = 20CE7A7A18B60FE90078A2EF /* AppDelegate.m */; };
		20CE7A7E18B60FE90078A2EF /* Main_iPhone.storyboard in Resources */ = {isa = PBXBuildFile; fileRef = 20CE7A7C18B60FE90078A2EF /* Main_iPhone.storyboard */; };
		20CE7A8118B60FE90078A2EF /* Main_iPad.storyboard in Resources */ = {isa = PBXBuildFile; fileRef = 20CE7A7F18B60FE90078A2EF /* Main_iPad.storyboard */; };
		20CE7A8418B60FE90078A2EF /* ViewController.m in Sources */ = {isa = PBXBuildFile; fileRef = 20CE7A8318B60FE90078A2EF /* ViewController.m */; };
		20CE7A8618B60FE90078A2EF /* Images.xcassets in Resources */ = {isa = PBXBuildFile; fileRef = 20CE7A8518B60FE90078A2EF /* Images.xcassets */; };
		20CE7A8D18B60FE90078A2EF /* XCTest.framework in Frameworks */ = {isa = PBXBuildFile; fileRef = 20CE7A8C18B60FE90078A2EF /* XCTest.framework */; };
		20CE7A8E18B60FE90078A2EF /* Foundation.framework in Frameworks */ = {isa = PBXBuildFile; fileRef = 20CE7A6A18B60FE90078A2EF /* Foundation.framework */; };
		20CE7A8F18B60FE90078A2EF /* UIKit.framework in Frameworks */ = {isa = PBXBuildFile; fileRef = 20CE7A6E18B60FE90078A2EF /* UIKit.framework */; };
		20CE7A9718B60FE90078A2EF /* InfoPlist.strings in Resources */ = {isa = PBXBuildFile; fileRef = 20CE7A9518B60FE90078A2EF /* InfoPlist.strings */; };
		20CE7A9918B60FE90078A2EF /* RatingTests.m in Sources */ = {isa = PBXBuildFile; fileRef = 20CE7A9818B60FE90078A2EF /* RatingTests.m */; };
/* End PBXBuildFile section */

/* Begin PBXContainerItemProxy section */
		20CE7A9018B60FE90078A2EF /* PBXContainerItemProxy */ = {
			isa = PBXContainerItemProxy;
			containerPortal = 20CE7A5F18B60FE90078A2EF /* Project object */;
			proxyType = 1;
			remoteGlobalIDString = 20CE7A6618B60FE90078A2EF;
			remoteInfo = Rating;
		};
/* End PBXContainerItemProxy section */

/* Begin PBXFileReference section */
		20CE7A6718B60FE90078A2EF /* Rating.app */ = {isa = PBXFileReference; explicitFileType = wrapper.application; includeInIndex = 0; path = Rating.app; sourceTree = BUILT_PRODUCTS_DIR; };
		20CE7A6A18B60FE90078A2EF /* Foundation.framework */ = {isa = PBXFileReference; lastKnownFileType = wrapper.framework; name = Foundation.framework; path = System/Library/Frameworks/Foundation.framework; sourceTree = SDKROOT; };
		20CE7A6C18B60FE90078A2EF /* CoreGraphics.framework */ = {isa = PBXFileReference; lastKnownFileType = wrapper.framework; name = CoreGraphics.framework; path = System/Library/Frameworks/CoreGraphics.framework; sourceTree = SDKROOT; };
		20CE7A6E18B60FE90078A2EF /* UIKit.framework */ = {isa = PBXFileReference; lastKnownFileType = wrapper.framework; name = UIKit.framework; path = System/Library/Frameworks/UIKit.framework; sourceTree = SDKROOT; };
		20CE7A7218B60FE90078A2EF /* Rating-Info.plist */ = {isa = PBXFileReference; lastKnownFileType = text.plist.xml; path = "Rating-Info.plist"; sourceTree = "<group>"; };
		20CE7A7418B60FE90078A2EF /* en */ = {isa = PBXFileReference; lastKnownFileType = text.plist.strings; name = en; path = en.lproj/InfoPlist.strings; sourceTree = "<group>"; };
		20CE7A7618B60FE90078A2EF /* main.m */ = {isa = PBXFileReference; lastKnownFileType = sourcecode.c.objc; path = main.m; sourceTree = "<group>"; };
		20CE7A7818B60FE90078A2EF /* Rating-Prefix.pch */ = {isa = PBXFileReference; lastKnownFileType = sourcecode.c.h; path = "Rating-Prefix.pch"; sourceTree = "<group>"; };
		20CE7A7918B60FE90078A2EF /* AppDelegate.h */ = {isa = PBXFileReference; lastKnownFileType = sourcecode.c.h; path = AppDelegate.h; sourceTree = "<group>"; };
		20CE7A7A18B60FE90078A2EF /* AppDelegate.m */ = {isa = PBXFileReference; lastKnownFileType = sourcecode.c.objc; path = AppDelegate.m; sourceTree = "<group>"; };
		20CE7A7D18B60FE90078A2EF /* Base */ = {isa = PBXFileReference; lastKnownFileType = file.storyboard; name = Base; path = Base.lproj/Main_iPhone.storyboard; sourceTree = "<group>"; };
		20CE7A8018B60FE90078A2EF /* Base */ = {isa = PBXFileReference; lastKnownFileType = file.storyboard; name = Base; path = Base.lproj/Main_iPad.storyboard; sourceTree = "<group>"; };
		20CE7A8218B60FE90078A2EF /* ViewController.h */ = {isa = PBXFileReference; lastKnownFileType = sourcecode.c.h; path = ViewController.h; sourceTree = "<group>"; };
		20CE7A8318B60FE90078A2EF /* ViewController.m */ = {isa = PBXFileReference; lastKnownFileType = sourcecode.c.objc; path = ViewController.m; sourceTree = "<group>"; };
		20CE7A8518B60FE90078A2EF /* Images.xcassets */ = {isa = PBXFileReference; lastKnownFileType = folder.assetcatalog; path = Images.xcassets; sourceTree = "<group>"; };
		20CE7A8B18B60FE90078A2EF /* RatingTests.xctest */ = {isa = PBXFileReference; explicitFileType = wrapper.cfbundle; includeInIndex = 0; path = RatingTests.xctest; sourceTree = BUILT_PRODUCTS_DIR; };
		20CE7A8C18B60FE90078A2EF /* XCTest.framework */ = {isa = PBXFileReference; lastKnownFileType = wrapper.framework; name = XCTest.framework; path = Library/Frameworks/XCTest.framework; sourceTree = DEVELOPER_DIR; };
		20CE7A9418B60FE90078A2EF /* RatingTests-Info.plist */ = {isa = PBXFileReference; lastKnownFileType = text.plist.xml; path = "RatingTests-Info.plist"; sourceTree = "<group>"; };
		20CE7A9618B60FE90078A2EF /* en */ = {isa = PBXFileReference; lastKnownFileType = text.plist.strings; name = en; path = en.lproj/InfoPlist.strings; sourceTree = "<group>"; };
		20CE7A9818B60FE90078A2EF /* RatingTests.m */ = {isa = PBXFileReference; lastKnownFileType = sourcecode.c.objc; path = RatingTests.m; sourceTree = "<group>"; };
/* End PBXFileReference section */

/* Begin PBXFrameworksBuildPhase section */
		20CE7A6418B60FE90078A2EF /* Frameworks */ = {
			isa = PBXFrameworksBuildPhase;
			buildActionMask = 2147483647;
			files = (
				20CE7A6D18B60FE90078A2EF /* CoreGraphics.framework in Frameworks */,
				20CE7A6F18B60FE90078A2EF /* UIKit.framework in Frameworks */,
				20CE7A6B18B60FE90078A2EF /* Foundation.framework in Frameworks */,
			);
			runOnlyForDeploymentPostprocessing = 0;
		};
		20CE7A8818B60FE90078A2EF /* Frameworks */ = {
			isa = PBXFrameworksBuildPhase;
			buildActionMask = 2147483647;
			files = (
				20CE7A8D18B60FE90078A2EF /* XCTest.framework in Frameworks */,
				20CE7A8F18B60FE90078A2EF /* UIKit.framework in Frameworks */,
				20CE7A8E18B60FE90078A2EF /* Foundation.framework in Frameworks */,
			);
			runOnlyForDeploymentPostprocessing = 0;
		};
/* End PBXFrameworksBuildPhase section */

/* Begin PBXGroup section */
		20CE7A5E18B60FE90078A2EF = {
			isa = PBXGroup;
			children = (
				20CE7A7018B60FE90078A2EF /* Rating */,
				20CE7A9218B60FE90078A2EF /* RatingTests */,
				20CE7A6918B60FE90078A2EF /* Frameworks */,
				20CE7A6818B60FE90078A2EF /* Products */,
			);
			sourceTree = "<group>";
		};
		20CE7A6818B60FE90078A2EF /* Products */ = {
			isa = PBXGroup;
			children = (
				20CE7A6718B60FE90078A2EF /* Rating.app */,
				20CE7A8B18B60FE90078A2EF /* RatingTests.xctest */,
			);
			name = Products;
			sourceTree = "<group>";
		};
		20CE7A6918B60FE90078A2EF /* Frameworks */ = {
			isa = PBXGroup;
			children = (
				20CE7A6A18B60FE90078A2EF /* Foundation.framework */,
				20CE7A6C18B60FE90078A2EF /* CoreGraphics.framework */,
				20CE7A6E18B60FE90078A2EF /* UIKit.framework */,
				20CE7A8C18B60FE90078A2EF /* XCTest.framework */,
			);
			name = Frameworks;
			sourceTree = "<group>";
		};
		20CE7A7018B60FE90078A2EF /* Rating */ = {
			isa = PBXGroup;
			children = (
				20CE7A7918B60FE90078A2EF /* AppDelegate.h */,
				20CE7A7A18B60FE90078A2EF /* AppDelegate.m */,
				20CE7A7C18B60FE90078A2EF /* Main_iPhone.storyboard */,
				20CE7A7F18B60FE90078A2EF /* Main_iPad.storyboard */,
				20CE7A8218B60FE90078A2EF /* ViewController.h */,
				20CE7A8318B60FE90078A2EF /* ViewController.m */,
				20CE7A8518B60FE90078A2EF /* Images.xcassets */,
				20CE7A7118B60FE90078A2EF /* Supporting Files */,
			);
			path = Rating;
			sourceTree = "<group>";
		};
		20CE7A7118B60FE90078A2EF /* Supporting Files */ = {
			isa = PBXGroup;
			children = (
				20CE7A7218B60FE90078A2EF /* Rating-Info.plist */,
				20CE7A7318B60FE90078A2EF /* InfoPlist.strings */,
				20CE7A7618B60FE90078A2EF /* main.m */,
				20CE7A7818B60FE90078A2EF /* Rating-Prefix.pch */,
			);
			name = "Supporting Files";
			sourceTree = "<group>";
		};
		20CE7A9218B60FE90078A2EF /* RatingTests */ = {
			isa = PBXGroup;
			children = (
				20CE7A9818B60FE90078A2EF /* RatingTests.m */,
				20CE7A9318B60FE90078A2EF /* Supporting Files */,
			);
			path = RatingTests;
			sourceTree = "<group>";
		};
		20CE7A9318B60FE90078A2EF /* Supporting Files */ = {
			isa = PBXGroup;
			children = (
				20CE7A9418B60FE90078A2EF /* RatingTests-Info.plist */,
				20CE7A9518B60FE90078A2EF /* InfoPlist.strings */,
			);
			name = "Supporting Files";
			sourceTree = "<group>";
		};
/* End PBXGroup section */

/* Begin PBXNativeTarget section */
		20CE7A6618B60FE90078A2EF /* Rating */ = {
			isa = PBXNativeTarget;
			buildConfigurationList = 20CE7A9C18B60FE90078A2EF /* Build configuration list for PBXNativeTarget "Rating" */;
			buildPhases = (
				20CE7A6318B60FE90078A2EF /* Sources */,
				20CE7A6418B60FE90078A2EF /* Frameworks */,
				20CE7A6518B60FE90078A2EF /* Resources */,
			);
			buildRules = (
			);
			dependencies = (
			);
			name = Rating;
			productName = Rating;
			productReference = 20CE7A6718B60FE90078A2EF /* Rating.app */;
			productType = "com.apple.product-type.application";
		};
		20CE7A8A18B60FE90078A2EF /* RatingTests */ = {
			isa = PBXNativeTarget;
			buildConfigurationList = 20CE7A9F18B60FE90078A2EF /* Build configuration list for PBXNativeTarget "RatingTests" */;
			buildPhases = (
				20CE7A8718B60FE90078A2EF /* Sources */,
				20CE7A8818B60FE90078A2EF /* Frameworks */,
				20CE7A8918B60FE90078A2EF /* Resources */,
			);
			buildRules = (
			);
			dependencies = (
				20CE7A9118B60FE90078A2EF /* PBXTargetDependency */,
			);
			name = RatingTests;
			productName = RatingTests;
			productReference = 20CE7A8B18B60FE90078A2EF /* RatingTests.xctest */;
			productType = "com.apple.product-type.bundle.unit-test";
		};
/* End PBXNativeTarget section */

/* Begin PBXProject section */
		20CE7A5F18B60FE90078A2EF /* Project object */ = {
			isa = PBXProject;
			attributes = {
				LastUpgradeCheck = 0500;
				ORGANIZATIONNAME = ids;
				TargetAttributes = {
					20CE7A8A18B60FE90078A2EF = {
						TestTargetID = 20CE7A6618B60FE90078A2EF;
					};
				};
			};
			buildConfigurationList = 20CE7A6218B60FE90078A2EF /* Build configuration list for PBXProject "Rating" */;
			compatibilityVersion = "Xcode 3.2";
			developmentRegion = English;
			hasScannedForEncodings = 0;
			knownRegions = (
				en,
				Base,
			);
			mainGroup = 20CE7A5E18B60FE90078A2EF;
			productRefGroup = 20CE7A6818B60FE90078A2EF /* Products */;
			projectDirPath = "";
			projectRoot = "";
			targets = (
				20CE7A6618B60FE90078A2EF /* Rating */,
				20CE7A8A18B60FE90078A2EF /* RatingTests */,
			);
		};
/* End PBXProject section */

/* Begin PBXResourcesBuildPhase section */
		20CE7A6518B60FE90078A2EF /* Resources */ = {
			isa = PBXResourcesBuildPhase;
			buildActionMask = 2147483647;
			files = (
				20CE7A8118B60FE90078A2EF /* Main_iPad.storyboard in Resources */,
				20CE7A8618B60FE90078A2EF /* Images.xcassets in Resources */,
				20CE7A7E18B60FE90078A2EF /* Main_iPhone.storyboard in Resources */,
				20CE7A7518B60FE90078A2EF /* InfoPlist.strings in Resources */,
			);
			runOnlyForDeploymentPostprocessing = 0;
		};
		20CE7A8918B60FE90078A2EF /* Resources */ = {
			isa = PBXResourcesBuildPhase;
			buildActionMask = 2147483647;
			files = (
				20CE7A9718B60FE90078A2EF /* InfoPlist.strings in Resources */,
			);
			runOnlyForDeploymentPostprocessing = 0;
		};
/* End PBXResourcesBuildPhase section */

/* Begin PBXSourcesBuildPhase section */
		20CE7A6318B60FE90078A2EF /* Sources */ = {
			isa = PBXSourcesBuildPhase;
			buildActionMask = 2147483647;
			files = (
				20CE7A8418B60FE90078A2EF /* ViewController.m in Sources */,
				20CE7A7B18B60FE90078A2EF /* AppDelegate.m in Sources */,
				20CE7A7718B60FE90078A2EF /* main.m in Sources */,
			);
			runOnlyForDeploymentPostprocessing = 0;
		};
		20CE7A8718B60FE90078A2EF /* Sources */ = {
			isa = PBXSourcesBuildPhase;
			buildActionMask = 2147483647;
			files = (
				20CE7A9918B60FE90078A2EF /* RatingTests.m in Sources */,
			);
			runOnlyForDeploymentPostprocessing = 0;
		};
/* End PBXSourcesBuildPhase section */

/* Begin PBXTargetDependency section */
		20CE7A9118B60FE90078A2EF /* PBXTargetDependency */ = {
			isa = PBXTargetDependency;
			target = 20CE7A6618B60FE90078A2EF /* Rating */;
			targetProxy = 20CE7A9018B60FE90078A2EF /* PBXContainerItemProxy */;
		};
/* End PBXTargetDependency section */

/* Begin PBXVariantGroup section */
		20CE7A7318B60FE90078A2EF /* InfoPlist.strings */ = {
			isa = PBXVariantGroup;
			children = (
				20CE7A7418B60FE90078A2EF /* en */,
			);
			name = InfoPlist.strings;
			sourceTree = "<group>";
		};
		20CE7A7C18B60FE90078A2EF /* Main_iPhone.storyboard */ = {
			isa = PBXVariantGroup;
			children = (
				20CE7A7D18B60FE90078A2EF /* Base */,
			);
			name = Main_iPhone.storyboard;
			sourceTree = "<group>";
		};
		20CE7A7F18B60FE90078A2EF /* Main_iPad.storyboard */ = {
			isa = PBXVariantGroup;
			children = (
				20CE7A8018B60FE90078A2EF /* Base */,
			);
			name = Main_iPad.storyboard;
			sourceTree = "<group>";
		};
		20CE7A9518B60FE90078A2EF /* InfoPlist.strings */ = {
			isa = PBXVariantGroup;
			children = (
				20CE7A9618B60FE90078A2EF /* en */,
			);
			name = InfoPlist.strings;
			sourceTree = "<group>";
		};
/* End PBXVariantGroup section */

/* Begin XCBuildConfiguration section */
		20CE7A9A18B60FE90078A2EF /* Debug */ = {
			isa = XCBuildConfiguration;
			buildSettings = {
				ALWAYS_SEARCH_USER_PATHS = NO;
				ARCHS = "$(ARCHS_STANDARD_INCLUDING_64_BIT)";
				CLANG_CXX_LANGUAGE_STANDARD = "gnu++0x";
				CLANG_CXX_LIBRARY = "libc++";
				CLANG_ENABLE_MODULES = YES;
				CLANG_ENABLE_OBJC_ARC = YES;
				CLANG_WARN_BOOL_CONVERSION = YES;
				CLANG_WARN_CONSTANT_CONVERSION = YES;
				CLANG_WARN_DIRECT_OBJC_ISA_USAGE = YES_ERROR;
				CLANG_WARN_EMPTY_BODY = YES;
				CLANG_WARN_ENUM_CONVERSION = YES;
				CLANG_WARN_INT_CONVERSION = YES;
				CLANG_WARN_OBJC_ROOT_CLASS = YES_ERROR;
				CLANG_WARN__DUPLICATE_METHOD_MATCH = YES;
				"CODE_SIGN_IDENTITY[sdk=iphoneos*]" = "iPhone Developer";
				COPY_PHASE_STRIP = NO;
				GCC_C_LANGUAGE_STANDARD = gnu99;
				GCC_DYNAMIC_NO_PIC = NO;
				GCC_OPTIMIZATION_LEVEL = 0;
				GCC_PREPROCESSOR_DEFINITIONS = (
					"DEBUG=1",
					"$(inherited)",
				);
				GCC_SYMBOLS_PRIVATE_EXTERN = NO;
				GCC_WARN_64_TO_32_BIT_CONVERSION = YES;
				GCC_WARN_ABOUT_RETURN_TYPE = YES_ERROR;
				GCC_WARN_UNDECLARED_SELECTOR = YES;
				GCC_WARN_UNINITIALIZED_AUTOS = YES;
				GCC_WARN_UNUSED_FUNCTION = YES;
				GCC_WARN_UNUSED_VARIABLE = YES;
				IPHONEOS_DEPLOYMENT_TARGET = 7.0;
				ONLY_ACTIVE_ARCH = YES;
				SDKROOT = iphoneos;
				TARGETED_DEVICE_FAMILY = "1,2";
			};
			name = Debug;
		};
		20CE7A9B18B60FE90078A2EF /* Release */ = {
			isa = XCBuildConfiguration;
			buildSettings = {
				ALWAYS_SEARCH_USER_PATHS = NO;
				ARCHS = "$(ARCHS_STANDARD_INCLUDING_64_BIT)";
				CLANG_CXX_LANGUAGE_STANDARD = "gnu++0x";
				CLANG_CXX_LIBRARY = "libc++";
				CLANG_ENABLE_MODULES = YES;
				CLANG_ENABLE_OBJC_ARC = YES;
				CLANG_WARN_BOOL_CONVERSION = YES;
				CLANG_WARN_CONSTANT_CONVERSION = YES;
				CLANG_WARN_DIRECT_OBJC_ISA_USAGE = YES_ERROR;
				CLANG_WARN_EMPTY_BODY = YES;
				CLANG_WARN_ENUM_CONVERSION = YES;
				CLANG_WARN_INT_CONVERSION = YES;
				CLANG_WARN_OBJC_ROOT_CLASS = YES_ERROR;
				CLANG_WARN__DUPLICATE_METHOD_MATCH = YES;
				"CODE_SIGN_IDENTITY[sdk=iphoneos*]" = "iPhone Developer";
				COPY_PHASE_STRIP = YES;
				ENABLE_NS_ASSERTIONS = NO;
				GCC_C_LANGUAGE_STANDARD = gnu99;
				GCC_WARN_64_TO_32_BIT_CONVERSION = YES;
				GCC_WARN_ABOUT_RETURN_TYPE = YES_ERROR;
				GCC_WARN_UNDECLARED_SELECTOR = YES;
				GCC_WARN_UNINITIALIZED_AUTOS = YES;
				GCC_WARN_UNUSED_FUNCTION = YES;
				GCC_WARN_UNUSED_VARIABLE = YES;
				IPHONEOS_DEPLOYMENT_TARGET = 7.0;
				SDKROOT = iphoneos;
				TARGETED_DEVICE_FAMILY = "1,2";
				VALIDATE_PRODUCT = YES;
			};
			name = Release;
		};
		20CE7A9D18B60FE90078A2EF /* Debug */ = {
			isa = XCBuildConfiguration;
			buildSettings = {
				ASSETCATALOG_COMPILER_APPICON_NAME = AppIcon;
				ASSETCATALOG_COMPILER_LAUNCHIMAGE_NAME = LaunchImage;
				GCC_PRECOMPILE_PREFIX_HEADER = YES;
				GCC_PREFIX_HEADER = "Rating/Rating-Prefix.pch";
				INFOPLIST_FILE = "Rating/Rating-Info.plist";
				PRODUCT_NAME = "$(TARGET_NAME)";
				WRAPPER_EXTENSION = app;
			};
			name = Debug;
		};
		20CE7A9E18B60FE90078A2EF /* Release */ = {
			isa = XCBuildConfiguration;
			buildSettings = {
				ASSETCATALOG_COMPILER_APPICON_NAME = AppIcon;
				ASSETCATALOG_COMPILER_LAUNCHIMAGE_NAME = LaunchImage;
				GCC_PRECOMPILE_PREFIX_HEADER = YES;
				GCC_PREFIX_HEADER = "Rating/Rating-Prefix.pch";
				INFOPLIST_FILE = "Rating/Rating-Info.plist";
				PRODUCT_NAME = "$(TARGET_NAME)";
				WRAPPER_EXTENSION = app;
			};
			name = Release;
		};
		20CE7AA018B60FE90078A2EF /* Debug */ = {
			isa = XCBuildConfiguration;
			buildSettings = {
				ARCHS = "$(ARCHS_STANDARD_INCLUDING_64_BIT)";
				BUNDLE_LOADER = "$(BUILT_PRODUCTS_DIR)/Rating.app/Rating";
				FRAMEWORK_SEARCH_PATHS = (
					"$(SDKROOT)/Developer/Library/Frameworks",
					"$(inherited)",
					"$(DEVELOPER_FRAMEWORKS_DIR)",
				);
				GCC_PRECOMPILE_PREFIX_HEADER = YES;
				GCC_PREFIX_HEADER = "Rating/Rating-Prefix.pch";
				GCC_PREPROCESSOR_DEFINITIONS = (
					"DEBUG=1",
					"$(inherited)",
				);
				INFOPLIST_FILE = "RatingTests/RatingTests-Info.plist";
				PRODUCT_NAME = "$(TARGET_NAME)";
				TEST_HOST = "$(BUNDLE_LOADER)";
				WRAPPER_EXTENSION = xctest;
			};
			name = Debug;
		};
		20CE7AA118B60FE90078A2EF /* Release */ = {
			isa = XCBuildConfiguration;
			buildSettings = {
				ARCHS = "$(ARCHS_STANDARD_INCLUDING_64_BIT)";
				BUNDLE_LOADER = "$(BUILT_PRODUCTS_DIR)/Rating.app/Rating";
				FRAMEWORK_SEARCH_PATHS = (
					"$(SDKROOT)/Developer/Library/Frameworks",
					"$(inherited)",
					"$(DEVELOPER_FRAMEWORKS_DIR)",
				);
				GCC_PRECOMPILE_PREFIX_HEADER = YES;
				GCC_PREFIX_HEADER = "Rating/Rating-Prefix.pch";
				INFOPLIST_FILE = "RatingTests/RatingTests-Info.plist";
				PRODUCT_NAME = "$(TARGET_NAME)";
				TEST_HOST = "$(BUNDLE_LOADER)";
				WRAPPER_EXTENSION = xctest;
			};
			name = Release;
		};
/* End XCBuildConfiguration section */

/* Begin XCConfigurationList section */
		20CE7A6218B60FE90078A2EF /* Build configuration list for PBXProject "Rating" */ = {
			isa = XCConfigurationList;
			buildConfigurations = (
				20CE7A9A18B60FE90078A2EF /* Debug */,
				20CE7A9B18B60FE90078A2EF /* Release */,
			);
			defaultConfigurationIsVisible = 0;
			defaultConfigurationName = Release;
		};
		20CE7A9C18B60FE90078A2EF /* Build configuration list for PBXNativeTarget "Rating" */ = {
			isa = XCConfigurationList;
			buildConfigurations = (
				20CE7A9D18B60FE90078A2EF /* Debug */,
				20CE7A9E18B60FE90078A2EF /* Release */,
			);
			defaultConfigurationIsVisible = 0;
		};
		20CE7A9F18B60FE90078A2EF /* Build configuration list for PBXNativeTarget "RatingTests" */ = {
			isa = XCConfigurationList;
			buildConfigurations = (
				20CE7AA018B60FE90078A2EF /* Debug */,
				20CE7AA118B60FE90078A2EF /* Release */,
			);
			defaultConfigurationIsVisible = 0;
		};
/* End XCConfigurationList section */
	};
	rootObject = 20CE7A5F18B60FE90078A2EF /* Project object */;
}
